
Microsoft Visual Studio Solution File, Format Version 12.00
# Visual Studio Version 16
VisualStudioVersion = 16.0.28803.156
MinimumVisualStudioVersion = 10.0.40219.1
Project("{6EC3EE1D-3C4E-46DD-8F32-0CC8E7565705}") = "CoreF.Common", "CoreF.Common\CoreF.Common.fsproj", "{697AC7E9-FA1B-407B-88B9-1E07305CE761}"
EndProject
Project("{6EC3EE1D-3C4E-46DD-8F32-0CC8E7565705}") = "CoreF.Http", "CoreF.Http\CoreF.Http.fsproj", "{07B62BB0-A9D8-4CE2-9C14-045B9203022E}"
EndProject
Project("{6EC3EE1D-3C4E-46DD-8F32-0CC8E7565705}") = "CoreF.Domain", "CoreF.Domain\CoreF.Domain.fsproj", "{CD76D62F-5C51-4974-A77C-C2C6E5F706AC}"
EndProject
Project("{6EC3EE1D-3C4E-46DD-8F32-0CC8E7565705}") = "CoreF.Serialization", "CoreF.Serialization\CoreF.Serialization.fsproj", "{DDBC6314-669E-4527-9066-03552E19BBC2}"
EndProject
Project("{6EC3EE1D-3C4E-46DD-8F32-0CC8E7565705}") = "CoreF.EventBus", "CoreF.EventBus\CoreF.EventBus.fsproj", "{A71EF98C-3E03-4FA8-BAB0-26C86005EC7C}"
EndProject
Project("{6EC3EE1D-3C4E-46DD-8F32-0CC8E7565705}") = "CoreF.Gateway", "CoreF.Gateway\CoreF.Gateway.fsproj", "{CDC77C0A-CE01-46B4-B268-082955A084BB}"
EndProject
Project("{6EC3EE1D-3C4E-46DD-8F32-0CC8E7565705}") = "CoreF.Mapping", "CoreF.Mapping\CoreF.Mapping.fsproj", "{8E1D5A04-A0B0-41CE-87EF-D262A5E5CB50}"
EndProject
Project("{6EC3EE1D-3C4E-46DD-8F32-0CC8E7565705}") = "CoreF.Validation", "CoreF.Validation\CoreF.Validation.fsproj", "{EBF3BA62-BC34-4388-B7DF-606C73C069AF}"
EndProject
Project("{6EC3EE1D-3C4E-46DD-8F32-0CC8E7565705}") = "CoreF.Http.Middleware", "CoreF.Http.Middleware\CoreF.Http.Middleware.fsproj", "{9A8FBACC-200B-4A4B-92DE-71191EE0BC54}"
EndProject
Project("{F2A71F9B-5D33-465A-A702-920D77279786}") = "CoreF.Logging", "CoreF.Logging\CoreF.Logging.fsproj", "{A388E652-6413-47A0-B2DB-A18D42018D59}"
EndProject
Project("{F2A71F9B-5D33-465A-A702-920D77279786}") = "CoreF.Http.Client", "CoreF.Http.Client\CoreF.Http.Client.fsproj", "{31A0272B-911D-45D4-AD01-7EBD8FF601CE}"
EndProject
Project("{F2A71F9B-5D33-465A-A702-920D77279786}") = "CoreF.DependencyInjection", "CoreF.DependencyInjection\CoreF.DependencyInjection.fsproj", "{93544B69-8E11-4110-A84A-023C77BA8552}"
EndProject
Project("{F2A71F9B-5D33-465A-A702-920D77279786}") = "CoreF.Http.Auditing", "CoreF.Http.Auditing\CoreF.Http.Auditing.fsproj", "{024768F7-893A-42A4-9362-6E7515ABAE97}"
EndProject
Project("{F2A71F9B-5D33-465A-A702-920D77279786}") = "CoreF.Agent", "CoreF.Agent\CoreF.Agent.fsproj", "{9FB2C89E-BCD6-48F9-9099-759B20D56478}"
EndProject
Project("{F2A71F9B-5D33-465A-A702-920D77279786}") = "CoreF.Http.Caching", "CoreF.Http.Caching\CoreF.Http.Caching.fsproj", "{7D31F490-C5F5-49DA-BDC7-E8C924F4C0F4}"
EndProject
Project("{F2A71F9B-5D33-465A-A702-920D77279786}") = "CoreF.Http.Core", "CoreF.Http.Core\CoreF.Http.Core.fsproj", "{D441FD55-36E8-45ED-A628-520FFB620FDA}"
EndProject
Project("{F2A71F9B-5D33-465A-A702-920D77279786}") = "CoreF.Http.Middleware.Core", "CoreF.Http.Middleware.Core\CoreF.Http.Middleware.Core.fsproj", "{0EEE0D1E-FA17-46E2-94EC-F15B83CFA17B}"
EndProject
Global
	GlobalSection(SolutionConfigurationPlatforms) = preSolution
		Debug|Any CPU = Debug|Any CPU
		Release|Any CPU = Release|Any CPU
	EndGlobalSection
	GlobalSection(ProjectConfigurationPlatforms) = postSolution
		{697AC7E9-FA1B-407B-88B9-1E07305CE761}.Debug|Any CPU.ActiveCfg = Debug|Any CPU
		{697AC7E9-FA1B-407B-88B9-1E07305CE761}.Debug|Any CPU.Build.0 = Debug|Any CPU
		{697AC7E9-FA1B-407B-88B9-1E07305CE761}.Release|Any CPU.ActiveCfg = Release|Any CPU
		{697AC7E9-FA1B-407B-88B9-1E07305CE761}.Release|Any CPU.Build.0 = Release|Any CPU
		{07B62BB0-A9D8-4CE2-9C14-045B9203022E}.Debug|Any CPU.ActiveCfg = Debug|Any CPU
		{07B62BB0-A9D8-4CE2-9C14-045B9203022E}.Debug|Any CPU.Build.0 = Debug|Any CPU
		{07B62BB0-A9D8-4CE2-9C14-045B9203022E}.Release|Any CPU.ActiveCfg = Release|Any CPU
		{07B62BB0-A9D8-4CE2-9C14-045B9203022E}.Release|Any CPU.Build.0 = Release|Any CPU
		{CD76D62F-5C51-4974-A77C-C2C6E5F706AC}.Debug|Any CPU.ActiveCfg = Debug|Any CPU
		{CD76D62F-5C51-4974-A77C-C2C6E5F706AC}.Debug|Any CPU.Build.0 = Debug|Any CPU
		{CD76D62F-5C51-4974-A77C-C2C6E5F706AC}.Release|Any CPU.ActiveCfg = Release|Any CPU
		{CD76D62F-5C51-4974-A77C-C2C6E5F706AC}.Release|Any CPU.Build.0 = Release|Any CPU
		{DDBC6314-669E-4527-9066-03552E19BBC2}.Debug|Any CPU.ActiveCfg = Debug|Any CPU
		{DDBC6314-669E-4527-9066-03552E19BBC2}.Debug|Any CPU.Build.0 = Debug|Any CPU
		{DDBC6314-669E-4527-9066-03552E19BBC2}.Release|Any CPU.ActiveCfg = Release|Any CPU
		{DDBC6314-669E-4527-9066-03552E19BBC2}.Release|Any CPU.Build.0 = Release|Any CPU
		{A71EF98C-3E03-4FA8-BAB0-26C86005EC7C}.Debug|Any CPU.ActiveCfg = Debug|Any CPU
		{A71EF98C-3E03-4FA8-BAB0-26C86005EC7C}.Debug|Any CPU.Build.0 = Debug|Any CPU
		{A71EF98C-3E03-4FA8-BAB0-26C86005EC7C}.Release|Any CPU.ActiveCfg = Release|Any CPU
		{A71EF98C-3E03-4FA8-BAB0-26C86005EC7C}.Release|Any CPU.Build.0 = Release|Any CPU
		{CDC77C0A-CE01-46B4-B268-082955A084BB}.Debug|Any CPU.ActiveCfg = Debug|Any CPU
		{CDC77C0A-CE01-46B4-B268-082955A084BB}.Debug|Any CPU.Build.0 = Debug|Any CPU
		{CDC77C0A-CE01-46B4-B268-082955A084BB}.Release|Any CPU.ActiveCfg = Release|Any CPU
		{CDC77C0A-CE01-46B4-B268-082955A084BB}.Release|Any CPU.Build.0 = Release|Any CPU
		{8E1D5A04-A0B0-41CE-87EF-D262A5E5CB50}.Debug|Any CPU.ActiveCfg = Debug|Any CPU
		{8E1D5A04-A0B0-41CE-87EF-D262A5E5CB50}.Debug|Any CPU.Build.0 = Debug|Any CPU
		{8E1D5A04-A0B0-41CE-87EF-D262A5E5CB50}.Release|Any CPU.ActiveCfg = Release|Any CPU
		{8E1D5A04-A0B0-41CE-87EF-D262A5E5CB50}.Release|Any CPU.Build.0 = Release|Any CPU
		{EBF3BA62-BC34-4388-B7DF-606C73C069AF}.Debug|Any CPU.ActiveCfg = Debug|Any CPU
		{EBF3BA62-BC34-4388-B7DF-606C73C069AF}.Debug|Any CPU.Build.0 = Debug|Any CPU
		{EBF3BA62-BC34-4388-B7DF-606C73C069AF}.Release|Any CPU.ActiveCfg = Release|Any CPU
		{EBF3BA62-BC34-4388-B7DF-606C73C069AF}.Release|Any CPU.Build.0 = Release|Any CPU
		{9A8FBACC-200B-4A4B-92DE-71191EE0BC54}.Debug|Any CPU.ActiveCfg = Debug|Any CPU
		{9A8FBACC-200B-4A4B-92DE-71191EE0BC54}.Debug|Any CPU.Build.0 = Debug|Any CPU
		{9A8FBACC-200B-4A4B-92DE-71191EE0BC54}.Release|Any CPU.ActiveCfg = Release|Any CPU
		{9A8FBACC-200B-4A4B-92DE-71191EE0BC54}.Release|Any CPU.Build.0 = Release|Any CPU
		{A388E652-6413-47A0-B2DB-A18D42018D59}.Debug|Any CPU.ActiveCfg = Debug|Any CPU
		{A388E652-6413-47A0-B2DB-A18D42018D59}.Debug|Any CPU.Build.0 = Debug|Any CPU
		{A388E652-6413-47A0-B2DB-A18D42018D59}.Release|Any CPU.ActiveCfg = Release|Any CPU
		{A388E652-6413-47A0-B2DB-A18D42018D59}.Release|Any CPU.Build.0 = Release|Any CPU
		{31A0272B-911D-45D4-AD01-7EBD8FF601CE}.Debug|Any CPU.ActiveCfg = Debug|Any CPU
		{31A0272B-911D-45D4-AD01-7EBD8FF601CE}.Debug|Any CPU.Build.0 = Debug|Any CPU
		{31A0272B-911D-45D4-AD01-7EBD8FF601CE}.Release|Any CPU.ActiveCfg = Release|Any CPU
		{31A0272B-911D-45D4-AD01-7EBD8FF601CE}.Release|Any CPU.Build.0 = Release|Any CPU
		{93544B69-8E11-4110-A84A-023C77BA8552}.Debug|Any CPU.ActiveCfg = Debug|Any CPU
		{93544B69-8E11-4110-A84A-023C77BA8552}.Debug|Any CPU.Build.0 = Debug|Any CPU
		{93544B69-8E11-4110-A84A-023C77BA8552}.Release|Any CPU.ActiveCfg = Release|Any CPU
		{93544B69-8E11-4110-A84A-023C77BA8552}.Release|Any CPU.Build.0 = Release|Any CPU
		{024768F7-893A-42A4-9362-6E7515ABAE97}.Debug|Any CPU.ActiveCfg = Debug|Any CPU
		{024768F7-893A-42A4-9362-6E7515ABAE97}.Debug|Any CPU.Build.0 = Debug|Any CPU
		{024768F7-893A-42A4-9362-6E7515ABAE97}.Release|Any CPU.ActiveCfg = Release|Any CPU
		{024768F7-893A-42A4-9362-6E7515ABAE97}.Release|Any CPU.Build.0 = Release|Any CPU
		{9FB2C89E-BCD6-48F9-9099-759B20D56478}.Debug|Any CPU.ActiveCfg = Debug|Any CPU
		{9FB2C89E-BCD6-48F9-9099-759B20D56478}.Debug|Any CPU.Build.0 = Debug|Any CPU
		{9FB2C89E-BCD6-48F9-9099-759B20D56478}.Release|Any CPU.ActiveCfg = Release|Any CPU
		{9FB2C89E-BCD6-48F9-9099-759B20D56478}.Release|Any CPU.Build.0 = Release|Any CPU
		{7D31F490-C5F5-49DA-BDC7-E8C924F4C0F4}.Debug|Any CPU.ActiveCfg = Debug|Any CPU
		{7D31F490-C5F5-49DA-BDC7-E8C924F4C0F4}.Debug|Any CPU.Build.0 = Debug|Any CPU
		{7D31F490-C5F5-49DA-BDC7-E8C924F4C0F4}.Release|Any CPU.ActiveCfg = Release|Any CPU
		{7D31F490-C5F5-49DA-BDC7-E8C924F4C0F4}.Release|Any CPU.Build.0 = Release|Any CPU
		{D441FD55-36E8-45ED-A628-520FFB620FDA}.Debug|Any CPU.ActiveCfg = Debug|Any CPU
		{D441FD55-36E8-45ED-A628-520FFB620FDA}.Debug|Any CPU.Build.0 = Debug|Any CPU
		{D441FD55-36E8-45ED-A628-520FFB620FDA}.Release|Any CPU.ActiveCfg = Release|Any CPU
		{D441FD55-36E8-45ED-A628-520FFB620FDA}.Release|Any CPU.Build.0 = Release|Any CPU
		{0EEE0D1E-FA17-46E2-94EC-F15B83CFA17B}.Debug|Any CPU.ActiveCfg = Debug|Any CPU
		{0EEE0D1E-FA17-46E2-94EC-F15B83CFA17B}.Debug|Any CPU.Build.0 = Debug|Any CPU
		{0EEE0D1E-FA17-46E2-94EC-F15B83CFA17B}.Release|Any CPU.ActiveCfg = Release|Any CPU
		{0EEE0D1E-FA17-46E2-94EC-F15B83CFA17B}.Release|Any CPU.Build.0 = Release|Any CPU
	EndGlobalSection
	GlobalSection(SolutionProperties) = preSolution
		HideSolutionNode = FALSE
	EndGlobalSection
	GlobalSection(ExtensibilityGlobals) = postSolution
		SolutionGuid = {FC2F149B-3683-4255-955D-9F4957039F76}
	EndGlobalSection
EndGlobal
